
Microsoft Visual Studio Solution File, Format Version 12.00
# Visual Studio Version 17
VisualStudioVersion = 17.13.35931.197
MinimumVisualStudioVersion = 10.0.40219.1
Project("{FAE04EC0-301F-11D3-BF4B-00C04F79EFBC}") = "01_02_LoginWindow_WPF", "01_LoginWindow_WPF\01_02_LoginWindow_WPF.csproj", "{94B03323-D228-42E3-9230-E2ADDBE61AB0}"
EndProject
Project("{FAE04EC0-301F-11D3-BF4B-00C04F79EFBC}") = "01_03_LoginWindow_MaterialDesign", "01_1_LoginWindow_MaterialDesign\01_03_LoginWindow_MaterialDesign.csproj", "{C361E017-DB43-4EE5-8003-1978026315CB}"
EndProject
Project("{FAE04EC0-301F-11D3-BF4B-00C04F79EFBC}") = "01_04_LoginWindow_ModernWPF", "01_2_LoginWindow_ModernWPF\01_04_LoginWindow_ModernWPF.csproj", "{3A5BFD5D-F126-45D8-B4B2-857F2D3EC9E5}"
EndProject
Project("{FAE04EC0-301F-11D3-BF4B-00C04F79EFBC}") = "01_00_Intro", "01_Intro\01_00_Intro.csproj", "{2CF525FE-D2C5-449D-A61C-245A967495F4}"
EndProject
Project("{FAE04EC0-301F-11D3-BF4B-00C04F79EFBC}") = "01_01_Panels", "01_Panels\01_01_Panels.csproj", "{6D990110-AA93-E658-59AB-2E522D30BEBF}"
EndProject
Project("{FAE04EC0-301F-11D3-BF4B-00C04F79EFBC}") = "02_StylesAndTemplates", "02_StylesAndTemplates\02_StylesAndTemplates.csproj", "{42D69DC9-C29E-48C5-AD76-19D8DF00D02C}"
EndProject
Project("{FAE04EC0-301F-11D3-BF4B-00C04F79EFBC}") = "SimpleMediaPlayer", "..\..\..\Downloads\drive-download-20251021T130659Z-1-001\WPF_04_SimpleMediaPlayer\WPF_04_SimpleMediaPlayer\WPF_04_SimpleMediaPlayer\SimpleMediaPlayer.csproj", "{DC210518-19C3-4E6A-AC7E-359E0CA60A4E}"
EndProject
Project("{FAE04EC0-301F-11D3-BF4B-00C04F79EFBC}") = "AlmostPaint", "..\..\..\Downloads\drive-download-20251021T130659Z-1-001\WPF_05_AlmostPaint\WPF_05_AlmostPaint\AlmostPaint.csproj", "{061E35A8-D715-4992-8DF7-F7C0500B5BA5}"
EndProject
Project("{FAE04EC0-301F-11D3-BF4B-00C04F79EFBC}") = "MiniLightsOut", "..\..\..\Downloads\drive-download-20251021T130659Z-1-001\WPF_06_MiniLightsOut\WPF_06_MiniLightsOut\MiniLightsOut.csproj", "{A040B63F-F473-4478-B4EA-6747AA3FA6F0}"
EndProject
Project("{2150E333-8FDC-42A3-9474-1A3956D46DE8}") = "Examples", "Examples", "{02EA681E-C7D8-13C7-8484-4AC65E1B71E8}"
EndProject
Project("{FAE04EC0-301F-11D3-BF4B-00C04F79EFBC}") = "03_DataBinding_ObservableCollection", "03_DataBinding_ObservableCollection\03_DataBinding_ObservableCollection.csproj", "{578D1FA4-5067-472B-BBB3-0F44C07A36DC}"
EndProject
Project("{FAE04EC0-301F-11D3-BF4B-00C04F79EFBC}") = "04_CountryBrowser", "04_CountryBrowser\04_CountryBrowser.csproj", "{8ED19705-EAD7-4E47-A8E6-DD8E6109E3F7}"
EndProject
Global
	GlobalSection(SolutionConfigurationPlatforms) = preSolution
		Debug|Any CPU = Debug|Any CPU
		Release|Any CPU = Release|Any CPU
	EndGlobalSection
	GlobalSection(ProjectConfigurationPlatforms) = postSolution
		{94B03323-D228-42E3-9230-E2ADDBE61AB0}.Debug|Any CPU.ActiveCfg = Debug|Any CPU
		{94B03323-D228-42E3-9230-E2ADDBE61AB0}.Debug|Any CPU.Build.0 = Debug|Any CPU
		{94B03323-D228-42E3-9230-E2ADDBE61AB0}.Release|Any CPU.ActiveCfg = Release|Any CPU
		{94B03323-D228-42E3-9230-E2ADDBE61AB0}.Release|Any CPU.Build.0 = Release|Any CPU
		{C361E017-DB43-4EE5-8003-1978026315CB}.Debug|Any CPU.ActiveCfg = Debug|Any CPU
		{C361E017-DB43-4EE5-8003-1978026315CB}.Debug|Any CPU.Build.0 = Debug|Any CPU
		{C361E017-DB43-4EE5-8003-1978026315CB}.Release|Any CPU.ActiveCfg = Release|Any CPU
		{C361E017-DB43-4EE5-8003-1978026315CB}.Release|Any CPU.Build.0 = Release|Any CPU
		{3A5BFD5D-F126-45D8-B4B2-857F2D3EC9E5}.Debug|Any CPU.ActiveCfg = Debug|Any CPU
		{3A5BFD5D-F126-45D8-B4B2-857F2D3EC9E5}.Debug|Any CPU.Build.0 = Debug|Any CPU
		{3A5BFD5D-F126-45D8-B4B2-857F2D3EC9E5}.Release|Any CPU.ActiveCfg = Release|Any CPU
		{3A5BFD5D-F126-45D8-B4B2-857F2D3EC9E5}.Release|Any CPU.Build.0 = Release|Any CPU
		{2CF525FE-D2C5-449D-A61C-245A967495F4}.Debug|Any CPU.ActiveCfg = Debug|Any CPU
		{2CF525FE-D2C5-449D-A61C-245A967495F4}.Debug|Any CPU.Build.0 = Debug|Any CPU
		{2CF525FE-D2C5-449D-A61C-245A967495F4}.Release|Any CPU.ActiveCfg = Release|Any CPU
		{2CF525FE-D2C5-449D-A61C-245A967495F4}.Release|Any CPU.Build.0 = Release|Any CPU
		{6D990110-AA93-E658-59AB-2E522D30BEBF}.Debug|Any CPU.ActiveCfg = Debug|Any CPU
		{6D990110-AA93-E658-59AB-2E522D30BEBF}.Debug|Any CPU.Build.0 = Debug|Any CPU
		{6D990110-AA93-E658-59AB-2E522D30BEBF}.Release|Any CPU.ActiveCfg = Release|Any CPU
		{6D990110-AA93-E658-59AB-2E522D30BEBF}.Release|Any CPU.Build.0 = Release|Any CPU
		{42D69DC9-C29E-48C5-AD76-19D8DF00D02C}.Debug|Any CPU.ActiveCfg = Debug|Any CPU
		{42D69DC9-C29E-48C5-AD76-19D8DF00D02C}.Debug|Any CPU.Build.0 = Debug|Any CPU
		{42D69DC9-C29E-48C5-AD76-19D8DF00D02C}.Release|Any CPU.ActiveCfg = Release|Any CPU
		{42D69DC9-C29E-48C5-AD76-19D8DF00D02C}.Release|Any CPU.Build.0 = Release|Any CPU
		{DC210518-19C3-4E6A-AC7E-359E0CA60A4E}.Debug|Any CPU.ActiveCfg = Debug|Any CPU
		{DC210518-19C3-4E6A-AC7E-359E0CA60A4E}.Debug|Any CPU.Build.0 = Debug|Any CPU
		{DC210518-19C3-4E6A-AC7E-359E0CA60A4E}.Release|Any CPU.ActiveCfg = Release|Any CPU
		{DC210518-19C3-4E6A-AC7E-359E0CA60A4E}.Release|Any CPU.Build.0 = Release|Any CPU
		{061E35A8-D715-4992-8DF7-F7C0500B5BA5}.Debug|Any CPU.ActiveCfg = Debug|Any CPU
		{061E35A8-D715-4992-8DF7-F7C0500B5BA5}.Debug|Any CPU.Build.0 = Debug|Any CPU
		{061E35A8-D715-4992-8DF7-F7C0500B5BA5}.Release|Any CPU.ActiveCfg = Release|Any CPU
		{061E35A8-D715-4992-8DF7-F7C0500B5BA5}.Release|Any CPU.Build.0 = Release|Any CPU
		{A040B63F-F473-4478-B4EA-6747AA3FA6F0}.Debug|Any CPU.ActiveCfg = Debug|Any CPU
		{A040B63F-F473-4478-B4EA-6747AA3FA6F0}.Debug|Any CPU.Build.0 = Debug|Any CPU
		{A040B63F-F473-4478-B4EA-6747AA3FA6F0}.Release|Any CPU.ActiveCfg = Release|Any CPU
		{A040B63F-F473-4478-B4EA-6747AA3FA6F0}.Release|Any CPU.Build.0 = Release|Any CPU
		{578D1FA4-5067-472B-BBB3-0F44C07A36DC}.Debug|Any CPU.ActiveCfg = Debug|Any CPU
		{578D1FA4-5067-472B-BBB3-0F44C07A36DC}.Debug|Any CPU.Build.0 = Debug|Any CPU
		{578D1FA4-5067-472B-BBB3-0F44C07A36DC}.Release|Any CPU.ActiveCfg = Release|Any CPU
		{578D1FA4-5067-472B-BBB3-0F44C07A36DC}.Release|Any CPU.Build.0 = Release|Any CPU
		{8ED19705-EAD7-4E47-A8E6-DD8E6109E3F7}.Debug|Any CPU.ActiveCfg = Debug|Any CPU
		{8ED19705-EAD7-4E47-A8E6-DD8E6109E3F7}.Debug|Any CPU.Build.0 = Debug|Any CPU
		{8ED19705-EAD7-4E47-A8E6-DD8E6109E3F7}.Release|Any CPU.ActiveCfg = Release|Any CPU
		{8ED19705-EAD7-4E47-A8E6-DD8E6109E3F7}.Release|Any CPU.Build.0 = Release|Any CPU
	EndGlobalSection
	GlobalSection(SolutionProperties) = preSolution
		HideSolutionNode = FALSE
	EndGlobalSection
	GlobalSection(NestedProjects) = preSolution
		{DC210518-19C3-4E6A-AC7E-359E0CA60A4E} = {02EA681E-C7D8-13C7-8484-4AC65E1B71E8}
		{061E35A8-D715-4992-8DF7-F7C0500B5BA5} = {02EA681E-C7D8-13C7-8484-4AC65E1B71E8}
		{A040B63F-F473-4478-B4EA-6747AA3FA6F0} = {02EA681E-C7D8-13C7-8484-4AC65E1B71E8}
	EndGlobalSection
	GlobalSection(ExtensibilityGlobals) = postSolution
		SolutionGuid = {2FBAA371-72B6-4CCA-845D-CB4C07F935DB}
	EndGlobalSection
EndGlobal
